github.com/olivere/vite v0.0.0-20240902154721-c8f2bf870b3b h1:N/VuZ1Rw1SOkGO2GxowgFWBEqtKQ4uWg+97OxxxlswY=
github.com/olivere/vite v0.0.0-20240902154721-c8f2bf870b3b/go.mod h1:GcOsJRAsACfTzrwnVKPHHQb2IpqJo2o7OEGht882nuA=
github.com/romsar/gonertia v1.3.0 h1:XyDwmiGBGV7nntuJbs7KQZCHM4wHFCLZdXolyduW05I=
github.com/romsar/gonertia v1.3.0/go.mod h1:4B9dtHbxdbUDZimnGmaIojrC37RYjTMOuTZpeo4jZ0E=
